<?xml version="1.0" encoding="utf-8"?>
<Project ToolsVersion="4.0" xmlns="http://schemas.microsoft.com/developer/msbuild/2003">
  <ItemGroup>
    <ClCompile Include="MonkeyZooManager\src\animal.cpp" />
    <ClCompile Include="MonkeyZooManager\src\authdaemon.cpp" />
    <ClCompile Include="MonkeyZooManager\src\behavioralnote.cpp" />
    <ClCompile Include="MonkeyZooManager\src\cage.cpp" />
    <ClCompile Include="MonkeyZooManager\src\dartmonkey.cpp" />
    <ClCompile Include="MonkeyZooManager\src\enclosure.cpp" />
    <ClCompile Include="MonkeyZooManager\src\galacticmonkey.cpp" />
    <ClCompile Include="MonkeyZooManager\src\richmonkey.cpp" />
    <ClCompile Include="MonkeyZooManager\src\hospital.cpp" />
    <ClCompile Include="MonkeyZooManager\src\loggingdaemon.cpp" />
    <ClCompile Include="MonkeyZooManager\src\lavamonkey.cpp" />
    <ClCompile Include="MonkeyZooManager\src\medicalnote.cpp" />
    <ClCompile Include="MonkeyZooManager\src\monkey.cpp" />
    <ClCompile Include="MonkeyZooManager\src\zoo.cpp" />
    <ClCompile Include="MonkeyZooManager\src\note.cpp" />
    <ClCompile Include="MonkeyZooManager\src\othernote.cpp" />
    <ClCompile Include="MonkeyZooManager\src\serializationdaemon.cpp" />
    <ClCompile Include="MonkeyZooManager\src\space.cpp" />
    <ClCompile Include="MonkeyZooManager\src\studentmonkey.cpp" />
    <ClCompile Include="MonkeyZooManager\src\timedaemon.cpp" />
    <ClCompile Include="MonkeyZooManager\src\user.cpp" />
    <ClCompile Include="MonkeyZooManager\qt\login.cpp" />
    <ClCompile Include="MonkeyZooManager\qt\scripts.cpp" />
    <ClCompile Include="main.cpp" />
    <ClCompile Include="MonkeyZooManager\libs\bcrypt.cpp" />
    <ClCompile Include="MonkeyZooManager\libs\blowfish.cpp" />
    <ClCompile Include="MonkeyZooManager\qt\zoo_areas.cpp" />
    <ClCompile Include="MonkeyZooManager\qt\zoo_space.cpp" />
  </ItemGroup>
  <ItemGroup>
    <ClInclude Include="MonkeyZooManager\libs\bcrypt.h" />
    <ClInclude Include="MonkeyZooManager\libs\json.hpp" />
    <ClInclude Include="MonkeyZooManager\src\monkey.hpp" />
    <ClInclude Include="MonkeyZooManager\libs\openbsd.h" />
    <ClInclude Include="MonkeyZooManager\libs\node_blf.h" />
    <ClInclude Include="MonkeyZooManager\qt\scripts.h" />
  </ItemGroup>
  <ItemGroup>
    <ResourceCompile Include="MonkeyZooManager.rc" />
  </ItemGroup>
  <ItemGroup>
    <Image Include="MonkeyZooManager\qt\Login.png" />
    <Image Include="MonkeyZooManager\qt\Cage.png" />
    <Image Include="MonkeyZooManager\qt\Heisen Monkey.png" />
    <Image Include="MonkeyZooManager\qt\Student Monkey.png" />
    <Image Include="MonkeyZooManager\qt\Dart Monkey.png" />
    <Image Include="MonkeyZooManager\qt\Lava Monkey.png" />
    <Image Include="MonkeyZooManager\qt\Galactic Monkey.png" />
    <Image Include="MonkeyZooManager\qt\Hospital.png" />
    <Image Include="MonkeyZooManager\qt\Enclosure.png" />
  </ItemGroup>
  <ItemGroup>
    <QtMoc Include="MonkeyZooManager\qt\login.h" />
    <QtMoc Include="MonkeyZooManager\qt\zoo_areas.h" />
    <QtMoc Include="MonkeyZooManager\qt\zoo_space.h" />
  </ItemGroup>
  <ItemGroup>
    <QtRcc Include="MonkeyZooManager\qt\login.qrc" />
    <QtRcc Include="MonkeyZooManager\qt\zoo_areas.qrc" />
    <QtRcc Include="MonkeyZooManager\qt\zoo_space.qrc" />
  </ItemGroup>
  <ItemGroup>
    <QtUic Include="MonkeyZooManager\qt\login.ui" />
    <QtUic Include="MonkeyZooManager\qt\zoo_areas.ui" />
    <QtUic Include="MonkeyZooManager\qt\zoo_space.ui" />
  </ItemGroup>
  <ItemGroup>
    <None Include="MonkeyZooManager.ico" />
  </ItemGroup>
</Project>